
Microsoft Visual Studio Solution File, Format Version 12.00
# Visual Studio Version 17
VisualStudioVersion = 17.2.32616.157
MinimumVisualStudioVersion = 10.0.40219.1
Project("{9A19103F-16F7-4668-BE54-9A1E7A4F7556}") = "BlazorStore.Web", "BlazorStore.Web\BlazorStore.Web.csproj", "{A127B123-3140-4F36-8AFC-4C614984B228}"
EndProject
Project("{9A19103F-16F7-4668-BE54-9A1E7A4F7556}") = "BlazorStore.CoreBusiness", "BlazorStore.CoreBusiness\BlazorStore.CoreBusiness.csproj", "{6D54BEA1-24EC-455C-9FAB-4D2AFC40DA70}"
EndProject
Project("{9A19103F-16F7-4668-BE54-9A1E7A4F7556}") = "BlazorStore.UseCases", "BlazorStore.UseCases\BlazorStore.UseCases.csproj", "{B377DC77-94A1-4662-AA7C-30D6AE3B3844}"
EndProject
Project("{9A19103F-16F7-4668-BE54-9A1E7A4F7556}") = "BlazorStore.DataStore.HardCoded", "BlazorStore.DataStore.HardCoded\BlazorStore.DataStore.HardCoded.csproj", "{59A5E91B-D1A6-42A3-90FA-B99BC7E1A833}"
EndProject
Global
	GlobalSection(SolutionConfigurationPlatforms) = preSolution
		Debug|Any CPU = Debug|Any CPU
		Release|Any CPU = Release|Any CPU
	EndGlobalSection
	GlobalSection(ProjectConfigurationPlatforms) = postSolution
		{A127B123-3140-4F36-8AFC-4C614984B228}.Debug|Any CPU.ActiveCfg = Debug|Any CPU
		{A127B123-3140-4F36-8AFC-4C614984B228}.Debug|Any CPU.Build.0 = Debug|Any CPU
		{A127B123-3140-4F36-8AFC-4C614984B228}.Release|Any CPU.ActiveCfg = Release|Any CPU
		{A127B123-3140-4F36-8AFC-4C614984B228}.Release|Any CPU.Build.0 = Release|Any CPU
		{6D54BEA1-24EC-455C-9FAB-4D2AFC40DA70}.Debug|Any CPU.ActiveCfg = Debug|Any CPU
		{6D54BEA1-24EC-455C-9FAB-4D2AFC40DA70}.Debug|Any CPU.Build.0 = Debug|Any CPU
		{6D54BEA1-24EC-455C-9FAB-4D2AFC40DA70}.Release|Any CPU.ActiveCfg = Release|Any CPU
		{6D54BEA1-24EC-455C-9FAB-4D2AFC40DA70}.Release|Any CPU.Build.0 = Release|Any CPU
		{B377DC77-94A1-4662-AA7C-30D6AE3B3844}.Debug|Any CPU.ActiveCfg = Debug|Any CPU
		{B377DC77-94A1-4662-AA7C-30D6AE3B3844}.Debug|Any CPU.Build.0 = Debug|Any CPU
		{B377DC77-94A1-4662-AA7C-30D6AE3B3844}.Release|Any CPU.ActiveCfg = Release|Any CPU
		{B377DC77-94A1-4662-AA7C-30D6AE3B3844}.Release|Any CPU.Build.0 = Release|Any CPU
		{59A5E91B-D1A6-42A3-90FA-B99BC7E1A833}.Debug|Any CPU.ActiveCfg = Debug|Any CPU
		{59A5E91B-D1A6-42A3-90FA-B99BC7E1A833}.Debug|Any CPU.Build.0 = Debug|Any CPU
		{59A5E91B-D1A6-42A3-90FA-B99BC7E1A833}.Release|Any CPU.ActiveCfg = Release|Any CPU
		{59A5E91B-D1A6-42A3-90FA-B99BC7E1A833}.Release|Any CPU.Build.0 = Release|Any CPU
	EndGlobalSection
	GlobalSection(SolutionProperties) = preSolution
		HideSolutionNode = FALSE
	EndGlobalSection
	GlobalSection(ExtensibilityGlobals) = postSolution
		SolutionGuid = {74C73931-6CB6-49E3-98BA-704BF0E165CA}
	EndGlobalSection
EndGlobal
